// !$*UTF8*$!
{
	archiveVersion = 1;
	classes = {
	};
	objectVersion = 55;
	objects = {

/* Begin PBXBuildFile section */
		19BB5F9E28F09A0700FD9B1D /* AppDelegate.swift in Sources */ = {isa = PBXBuildFile; fileRef = 19BB5F9D28F09A0700FD9B1D /* AppDelegate.swift */; };
		19BB5FA028F09A0700FD9B1D /* SceneDelegate.swift in Sources */ = {isa = PBXBuildFile; fileRef = 19BB5F9F28F09A0700FD9B1D /* SceneDelegate.swift */; };
		19BB5FA228F09A0700FD9B1D /* ViewController.swift in Sources */ = {isa = PBXBuildFile; fileRef = 19BB5FA128F09A0700FD9B1D /* ViewController.swift */; };
		19BB5FA528F09A0700FD9B1D /* Main.storyboard in Resources */ = {isa = PBXBuildFile; fileRef = 19BB5FA328F09A0700FD9B1D /* Main.storyboard */; };
		19BB5FA728F09A0800FD9B1D /* Assets.xcassets in Resources */ = {isa = PBXBuildFile; fileRef = 19BB5FA628F09A0800FD9B1D /* Assets.xcassets */; };
		19BB5FAA28F09A0800FD9B1D /* LaunchScreen.storyboard in Resources */ = {isa = PBXBuildFile; fileRef = 19BB5FA828F09A0800FD9B1D /* LaunchScreen.storyboard */; };
		19BB5FB528F09A0800FD9B1D /* ITunesClientAppTests.swift in Sources */ = {isa = PBXBuildFile; fileRef = 19BB5FB428F09A0800FD9B1D /* ITunesClientAppTests.swift */; };
		19BB5FBF28F09A0800FD9B1D /* ITunesClientAppUITests.swift in Sources */ = {isa = PBXBuildFile; fileRef = 19BB5FBE28F09A0800FD9B1D /* ITunesClientAppUITests.swift */; };
		19BB5FC128F09A0800FD9B1D /* ITunesClientAppUITestsLaunchTests.swift in Sources */ = {isa = PBXBuildFile; fileRef = 19BB5FC028F09A0800FD9B1D /* ITunesClientAppUITestsLaunchTests.swift */; };
/* End PBXBuildFile section */

/* Begin PBXContainerItemProxy section */
		19BB5FB128F09A0800FD9B1D /* PBXContainerItemProxy */ = {
			isa = PBXContainerItemProxy;
			containerPortal = 19BB5F9228F09A0700FD9B1D /* Project object */;
			proxyType = 1;
			remoteGlobalIDString = 19BB5F9928F09A0700FD9B1D;
			remoteInfo = ITunesClientApp;
		};
		19BB5FBB28F09A0800FD9B1D /* PBXContainerItemProxy */ = {
			isa = PBXContainerItemProxy;
			containerPortal = 19BB5F9228F09A0700FD9B1D /* Project object */;
			proxyType = 1;
			remoteGlobalIDString = 19BB5F9928F09A0700FD9B1D;
			remoteInfo = ITunesClientApp;
		};
/* End PBXContainerItemProxy section */

/* Begin PBXFileReference section */
		19BB5F9A28F09A0700FD9B1D /* ITunesClientApp.app */ = {isa = PBXFileReference; explicitFileType = wrapper.application; includeInIndex = 0; path = ITunesClientApp.app; sourceTree = BUILT_PRODUCTS_DIR; };
		19BB5F9D28F09A0700FD9B1D /* AppDelegate.swift */ = {isa = PBXFileReference; lastKnownFileType = sourcecode.swift; path = AppDelegate.swift; sourceTree = "<group>"; };
		19BB5F9F28F09A0700FD9B1D /* SceneDelegate.swift */ = {isa = PBXFileReference; lastKnownFileType = sourcecode.swift; path = SceneDelegate.swift; sourceTree = "<group>"; };
		19BB5FA128F09A0700FD9B1D /* ViewController.swift */ = {isa = PBXFileReference; lastKnownFileType = sourcecode.swift; path = ViewController.swift; sourceTree = "<group>"; };
		19BB5FA428F09A0700FD9B1D /* Base */ = {isa = PBXFileReference; lastKnownFileType = file.storyboard; name = Base; path = Base.lproj/Main.storyboard; sourceTree = "<group>"; };
		19BB5FA628F09A0800FD9B1D /* Assets.xcassets */ = {isa = PBXFileReference; lastKnownFileType = folder.assetcatalog; path = Assets.xcassets; sourceTree = "<group>"; };
		19BB5FA928F09A0800FD9B1D /* Base */ = {isa = PBXFileReference; lastKnownFileType = file.storyboard; name = Base; path = Base.lproj/LaunchScreen.storyboard; sourceTree = "<group>"; };
		19BB5FAB28F09A0800FD9B1D /* Info.plist */ = {isa = PBXFileReference; lastKnownFileType = text.plist.xml; path = Info.plist; sourceTree = "<group>"; };
		19BB5FB028F09A0800FD9B1D /* ITunesClientAppTests.xctest */ = {isa = PBXFileReference; explicitFileType = wrapper.cfbundle; includeInIndex = 0; path = ITunesClientAppTests.xctest; sourceTree = BUILT_PRODUCTS_DIR; };
		19BB5FB428F09A0800FD9B1D /* ITunesClientAppTests.swift */ = {isa = PBXFileReference; lastKnownFileType = sourcecode.swift; path = ITunesClientAppTests.swift; sourceTree = "<group>"; };
		19BB5FBA28F09A0800FD9B1D /* ITunesClientAppUITests.xctest */ = {isa = PBXFileReference; explicitFileType = wrapper.cfbundle; includeInIndex = 0; path = ITunesClientAppUITests.xctest; sourceTree = BUILT_PRODUCTS_DIR; };
		19BB5FBE28F09A0800FD9B1D /* ITunesClientAppUITests.swift */ = {isa = PBXFileReference; lastKnownFileType = sourcecode.swift; path = ITunesClientAppUITests.swift; sourceTree = "<group>"; };
		19BB5FC028F09A0800FD9B1D /* ITunesClientAppUITestsLaunchTests.swift */ = {isa = PBXFileReference; lastKnownFileType = sourcecode.swift; path = ITunesClientAppUITestsLaunchTests.swift; sourceTree = "<group>"; };
/* End PBXFileReference section */

/* Begin PBXFrameworksBuildPhase section */
		19BB5F9728F09A0700FD9B1D /* Frameworks */ = {
			isa = PBXFrameworksBuildPhase;
			buildActionMask = 2147483647;
			files = (
			);
			runOnlyForDeploymentPostprocessing = 0;
		};
		19BB5FAD28F09A0800FD9B1D /* Frameworks */ = {
			isa = PBXFrameworksBuildPhase;
			buildActionMask = 2147483647;
			files = (
			);
			runOnlyForDeploymentPostprocessing = 0;
		};
		19BB5FB728F09A0800FD9B1D /* Frameworks */ = {
			isa = PBXFrameworksBuildPhase;
			buildActionMask = 2147483647;
			files = (
			);
			runOnlyForDeploymentPostprocessing = 0;
		};
/* End PBXFrameworksBuildPhase section */

/* Begin PBXGroup section */
		19BB5F9128F09A0700FD9B1D = {
			isa = PBXGroup;
			children = (
				19BB5F9C28F09A0700FD9B1D /* ITunesClientApp */,
				19BB5FB328F09A0800FD9B1D /* ITunesClientAppTests */,
				19BB5FBD28F09A0800FD9B1D /* ITunesClientAppUITests */,
				19BB5F9B28F09A0700FD9B1D /* Products */,
			);
			sourceTree = "<group>";
		};
		19BB5F9B28F09A0700FD9B1D /* Products */ = {
			isa = PBXGroup;
			children = (
				19BB5F9A28F09A0700FD9B1D /* ITunesClientApp.app */,
				19BB5FB028F09A0800FD9B1D /* ITunesClientAppTests.xctest */,
				19BB5FBA28F09A0800FD9B1D /* ITunesClientAppUITests.xctest */,
			);
			name = Products;
			sourceTree = "<group>";
		};
		19BB5F9C28F09A0700FD9B1D /* ITunesClientApp */ = {
			isa = PBXGroup;
			children = (
				19BB5F9D28F09A0700FD9B1D /* AppDelegate.swift */,
				19BB5F9F28F09A0700FD9B1D /* SceneDelegate.swift */,
				19BB5FA128F09A0700FD9B1D /* ViewController.swift */,
				19BB5FA328F09A0700FD9B1D /* Main.storyboard */,
				19BB5FA628F09A0800FD9B1D /* Assets.xcassets */,
				19BB5FA828F09A0800FD9B1D /* LaunchScreen.storyboard */,
				19BB5FAB28F09A0800FD9B1D /* Info.plist */,
			);
			path = ITunesClientApp;
			sourceTree = "<group>";
		};
		19BB5FB328F09A0800FD9B1D /* ITunesClientAppTests */ = {
			isa = PBXGroup;
			children = (
				19BB5FB428F09A0800FD9B1D /* ITunesClientAppTests.swift */,
			);
			path = ITunesClientAppTests;
			sourceTree = "<group>";
		};
		19BB5FBD28F09A0800FD9B1D /* ITunesClientAppUITests */ = {
			isa = PBXGroup;
			children = (
				19BB5FBE28F09A0800FD9B1D /* ITunesClientAppUITests.swift */,
				19BB5FC028F09A0800FD9B1D /* ITunesClientAppUITestsLaunchTests.swift */,
			);
			path = ITunesClientAppUITests;
			sourceTree = "<group>";
		};
/* End PBXGroup section */

/* Begin PBXNativeTarget section */
		19BB5F9928F09A0700FD9B1D /* ITunesClientApp */ = {
			isa = PBXNativeTarget;
			buildConfigurationList = 19BB5FC428F09A0800FD9B1D /* Build configuration list for PBXNativeTarget "ITunesClientApp" */;
			buildPhases = (
				19BB5F9628F09A0700FD9B1D /* Sources */,
				19BB5F9728F09A0700FD9B1D /* Frameworks */,
				19BB5F9828F09A0700FD9B1D /* Resources */,
			);
			buildRules = (
			);
			dependencies = (
			);
			name = ITunesClientApp;
			productName = ITunesClientApp;
			productReference = 19BB5F9A28F09A0700FD9B1D /* ITunesClientApp.app */;
			productType = "com.apple.product-type.application";
		};
		19BB5FAF28F09A0800FD9B1D /* ITunesClientAppTests */ = {
			isa = PBXNativeTarget;
			buildConfigurationList = 19BB5FC728F09A0800FD9B1D /* Build configuration list for PBXNativeTarget "ITunesClientAppTests" */;
			buildPhases = (
				19BB5FAC28F09A0800FD9B1D /* Sources */,
				19BB5FAD28F09A0800FD9B1D /* Frameworks */,
				19BB5FAE28F09A0800FD9B1D /* Resources */,
			);
			buildRules = (
			);
			dependencies = (
				19BB5FB228F09A0800FD9B1D /* PBXTargetDependency */,
			);
			name = ITunesClientAppTests;
			productName = ITunesClientAppTests;
			productReference = 19BB5FB028F09A0800FD9B1D /* ITunesClientAppTests.xctest */;
			productType = "com.apple.product-type.bundle.unit-test";
		};
		19BB5FB928F09A0800FD9B1D /* ITunesClientAppUITests */ = {
			isa = PBXNativeTarget;
			buildConfigurationList = 19BB5FCA28F09A0800FD9B1D /* Build configuration list for PBXNativeTarget "ITunesClientAppUITests" */;
			buildPhases = (
				19BB5FB628F09A0800FD9B1D /* Sources */,
				19BB5FB728F09A0800FD9B1D /* Frameworks */,
				19BB5FB828F09A0800FD9B1D /* Resources */,
			);
			buildRules = (
			);
			dependencies = (
				19BB5FBC28F09A0800FD9B1D /* PBXTargetDependency */,
			);
			name = ITunesClientAppUITests;
			productName = ITunesClientAppUITests;
			productReference = 19BB5FBA28F09A0800FD9B1D /* ITunesClientAppUITests.xctest */;
			productType = "com.apple.product-type.bundle.ui-testing";
		};
/* End PBXNativeTarget section */

/* Begin PBXProject section */
		19BB5F9228F09A0700FD9B1D /* Project object */ = {
			isa = PBXProject;
			attributes = {
				BuildIndependentTargetsInParallel = 1;
				LastSwiftUpdateCheck = 1340;
				LastUpgradeCheck = 1340;
				TargetAttributes = {
					19BB5F9928F09A0700FD9B1D = {
						CreatedOnToolsVersion = 13.4.1;
					};
					19BB5FAF28F09A0800FD9B1D = {
						CreatedOnToolsVersion = 13.4.1;
						TestTargetID = 19BB5F9928F09A0700FD9B1D;
					};
					19BB5FB928F09A0800FD9B1D = {
						CreatedOnToolsVersion = 13.4.1;
						TestTargetID = 19BB5F9928F09A0700FD9B1D;
					};
				};
			};
			buildConfigurationList = 19BB5F9528F09A0700FD9B1D /* Build configuration list for PBXProject "ITunesClientApp" */;
			compatibilityVersion = "Xcode 13.0";
			developmentRegion = en;
			hasScannedForEncodings = 0;
			knownRegions = (
				en,
				Base,
			);
			mainGroup = 19BB5F9128F09A0700FD9B1D;
			productRefGroup = 19BB5F9B28F09A0700FD9B1D /* Products */;
			projectDirPath = "";
			projectRoot = "";
			targets = (
				19BB5F9928F09A0700FD9B1D /* ITunesClientApp */,
				19BB5FAF28F09A0800FD9B1D /* ITunesClientAppTests */,
				19BB5FB928F09A0800FD9B1D /* ITunesClientAppUITests */,
			);
		};
/* End PBXProject section */

/* Begin PBXResourcesBuildPhase section */
		19BB5F9828F09A0700FD9B1D /* Resources */ = {
			isa = PBXResourcesBuildPhase;
			buildActionMask = 2147483647;
			files = (
				19BB5FAA28F09A0800FD9B1D /* LaunchScreen.storyboard in Resources */,
				19BB5FA728F09A0800FD9B1D /* Assets.xcassets in Resources */,
				19BB5FA528F09A0700FD9B1D /* Main.storyboard in Resources */,
			);
			runOnlyForDeploymentPostprocessing = 0;
		};
		19BB5FAE28F09A0800FD9B1D /* Resources */ = {
			isa = PBXResourcesBuildPhase;
			buildActionMask = 2147483647;
			files = (
			);
			runOnlyForDeploymentPostprocessing = 0;
		};
		19BB5FB828F09A0800FD9B1D /* Resources */ = {
			isa = PBXResourcesBuildPhase;
			buildActionMask = 2147483647;
			files = (
			);
			runOnlyForDeploymentPostprocessing = 0;
		};
/* End PBXResourcesBuildPhase section */

/* Begin PBXSourcesBuildPhase section */
		19BB5F9628F09A0700FD9B1D /* Sources */ = {
			isa = PBXSourcesBuildPhase;
			buildActionMask = 2147483647;
			files = (
				19BB5FA228F09A0700FD9B1D /* ViewController.swift in Sources */,
				19BB5F9E28F09A0700FD9B1D /* AppDelegate.swift in Sources */,
				19BB5FA028F09A0700FD9B1D /* SceneDelegate.swift in Sources */,
			);
			runOnlyForDeploymentPostprocessing = 0;
		};
		19BB5FAC28F09A0800FD9B1D /* Sources */ = {
			isa = PBXSourcesBuildPhase;
			buildActionMask = 2147483647;
			files = (
				19BB5FB528F09A0800FD9B1D /* ITunesClientAppTests.swift in Sources */,
			);
			runOnlyForDeploymentPostprocessing = 0;
		};
		19BB5FB628F09A0800FD9B1D /* Sources */ = {
			isa = PBXSourcesBuildPhase;
			buildActionMask = 2147483647;
			files = (
				19BB5FBF28F09A0800FD9B1D /* ITunesClientAppUITests.swift in Sources */,
				19BB5FC128F09A0800FD9B1D /* ITunesClientAppUITestsLaunchTests.swift in Sources */,
			);
			runOnlyForDeploymentPostprocessing = 0;
		};
/* End PBXSourcesBuildPhase section */

/* Begin PBXTargetDependency section */
		19BB5FB228F09A0800FD9B1D /* PBXTargetDependency */ = {
			isa = PBXTargetDependency;
			target = 19BB5F9928F09A0700FD9B1D /* ITunesClientApp */;
			targetProxy = 19BB5FB128F09A0800FD9B1D /* PBXContainerItemProxy */;
		};
		19BB5FBC28F09A0800FD9B1D /* PBXTargetDependency */ = {
			isa = PBXTargetDependency;
			target = 19BB5F9928F09A0700FD9B1D /* ITunesClientApp */;
			targetProxy = 19BB5FBB28F09A0800FD9B1D /* PBXContainerItemProxy */;
		};
/* End PBXTargetDependency section */

/* Begin PBXVariantGroup section */
		19BB5FA328F09A0700FD9B1D /* Main.storyboard */ = {
			isa = PBXVariantGroup;
			children = (
				19BB5FA428F09A0700FD9B1D /* Base */,
			);
			name = Main.storyboard;
			sourceTree = "<group>";
		};
		19BB5FA828F09A0800FD9B1D /* LaunchScreen.storyboard */ = {
			isa = PBXVariantGroup;
			children = (
				19BB5FA928F09A0800FD9B1D /* Base */,
			);
			name = LaunchScreen.storyboard;
			sourceTree = "<group>";
		};
/* End PBXVariantGroup section */

/* Begin XCBuildConfiguration section */
		19BB5FC228F09A0800FD9B1D /* Debug */ = {
			isa = XCBuildConfiguration;
			buildSettings = {
				ALWAYS_SEARCH_USER_PATHS = NO;
				CLANG_ANALYZER_NONNULL = YES;
				CLANG_ANALYZER_NUMBER_OBJECT_CONVERSION = YES_AGGRESSIVE;
				CLANG_CXX_LANGUAGE_STANDARD = "gnu++17";
				CLANG_ENABLE_MODULES = YES;
				CLANG_ENABLE_OBJC_ARC = YES;
				CLANG_ENABLE_OBJC_WEAK = YES;
				CLANG_WARN_BLOCK_CAPTURE_AUTORELEASING = YES;
				CLANG_WARN_BOOL_CONVERSION = YES;
				CLANG_WARN_COMMA = YES;
				CLANG_WARN_CONSTANT_CONVERSION = YES;
				CLANG_WARN_DEPRECATED_OBJC_IMPLEMENTATIONS = YES;
				CLANG_WARN_DIRECT_OBJC_ISA_USAGE = YES_ERROR;
				CLANG_WARN_DOCUMENTATION_COMMENTS = YES;
				CLANG_WARN_EMPTY_BODY = YES;
				CLANG_WARN_ENUM_CONVERSION = YES;
				CLANG_WARN_INFINITE_RECURSION = YES;
				CLANG_WARN_INT_CONVERSION = YES;
				CLANG_WARN_NON_LITERAL_NULL_CONVERSION = YES;
				CLANG_WARN_OBJC_IMPLICIT_RETAIN_SELF = YES;
				CLANG_WARN_OBJC_LITERAL_CONVERSION = YES;
				CLANG_WARN_OBJC_ROOT_CLASS = YES_ERROR;
				CLANG_WARN_QUOTED_INCLUDE_IN_FRAMEWORK_HEADER = YES;
				CLANG_WARN_RANGE_LOOP_ANALYSIS = YES;
				CLANG_WARN_STRICT_PROTOTYPES = YES;
				CLANG_WARN_SUSPICIOUS_MOVE = YES;
				CLANG_WARN_UNGUARDED_AVAILABILITY = YES_AGGRESSIVE;
				CLANG_WARN_UNREACHABLE_CODE = YES;
				CLANG_WARN__DUPLICATE_METHOD_MATCH = YES;
				COPY_PHASE_STRIP = NO;
				DEBUG_INFORMATION_FORMAT = dwarf;
				ENABLE_STRICT_OBJC_MSGSEND = YES;
				ENABLE_TESTABILITY = YES;
				GCC_C_LANGUAGE_STANDARD = gnu11;
				GCC_DYNAMIC_NO_PIC = NO;
				GCC_NO_COMMON_BLOCKS = YES;
				GCC_OPTIMIZATION_LEVEL = 0;
				GCC_PREPROCESSOR_DEFINITIONS = (
					"DEBUG=1",
					"$(inherited)",
				);
				GCC_WARN_64_TO_32_BIT_CONVERSION = YES;
				GCC_WARN_ABOUT_RETURN_TYPE = YES_ERROR;
				GCC_WARN_UNDECLARED_SELECTOR = YES;
				GCC_WARN_UNINITIALIZED_AUTOS = YES_AGGRESSIVE;
				GCC_WARN_UNUSED_FUNCTION = YES;
				GCC_WARN_UNUSED_VARIABLE = YES;
				IPHONEOS_DEPLOYMENT_TARGET = 15.5;
				MTL_ENABLE_DEBUG_INFO = INCLUDE_SOURCE;
				MTL_FAST_MATH = YES;
				ONLY_ACTIVE_ARCH = YES;
				SDKROOT = iphoneos;
				SWIFT_ACTIVE_COMPILATION_CONDITIONS = DEBUG;
				SWIFT_OPTIMIZATION_LEVEL = "-Onone";
			};
			name = Debug;
		};
		19BB5FC328F09A0800FD9B1D /* Release */ = {
			isa = XCBuildConfiguration;
			buildSettings = {
				ALWAYS_SEARCH_USER_PATHS = NO;
				CLANG_ANALYZER_NONNULL = YES;
				CLANG_ANALYZER_NUMBER_OBJECT_CONVERSION = YES_AGGRESSIVE;
				CLANG_CXX_LANGUAGE_STANDARD = "gnu++17";
				CLANG_ENABLE_MODULES = YES;
				CLANG_ENABLE_OBJC_ARC = YES;
				CLANG_ENABLE_OBJC_WEAK = YES;
				CLANG_WARN_BLOCK_CAPTURE_AUTORELEASING = YES;
				CLANG_WARN_BOOL_CONVERSION = YES;
				CLANG_WARN_COMMA = YES;
				CLANG_WARN_CONSTANT_CONVERSION = YES;
				CLANG_WARN_DEPRECATED_OBJC_IMPLEMENTATIONS = YES;
				CLANG_WARN_DIRECT_OBJC_ISA_USAGE = YES_ERROR;
				CLANG_WARN_DOCUMENTATION_COMMENTS = YES;
				CLANG_WARN_EMPTY_BODY = YES;
				CLANG_WARN_ENUM_CONVERSION = YES;
				CLANG_WARN_INFINITE_RECURSION = YES;
				CLANG_WARN_INT_CONVERSION = YES;
				CLANG_WARN_NON_LITERAL_NULL_CONVERSION = YES;
				CLANG_WARN_OBJC_IMPLICIT_RETAIN_SELF = YES;
				CLANG_WARN_OBJC_LITERAL_CONVERSION = YES;
				CLANG_WARN_OBJC_ROOT_CLASS = YES_ERROR;
				CLANG_WARN_QUOTED_INCLUDE_IN_FRAMEWORK_HEADER = YES;
				CLANG_WARN_RANGE_LOOP_ANALYSIS = YES;
				CLANG_WARN_STRICT_PROTOTYPES = YES;
				CLANG_WARN_SUSPICIOUS_MOVE = YES;
				CLANG_WARN_UNGUARDED_AVAILABILITY = YES_AGGRESSIVE;
				CLANG_WARN_UNREACHABLE_CODE = YES;
				CLANG_WARN__DUPLICATE_METHOD_MATCH = YES;
				COPY_PHASE_STRIP = NO;
				DEBUG_INFORMATION_FORMAT = "dwarf-with-dsym";
				ENABLE_NS_ASSERTIONS = NO;
				ENABLE_STRICT_OBJC_MSGSEND = YES;
				GCC_C_LANGUAGE_STANDARD = gnu11;
				GCC_NO_COMMON_BLOCKS = YES;
				GCC_WARN_64_TO_32_BIT_CONVERSION = YES;
				GCC_WARN_ABOUT_RETURN_TYPE = YES_ERROR;
				GCC_WARN_UNDECLARED_SELECTOR = YES;
				GCC_WARN_UNINITIALIZED_AUTOS = YES_AGGRESSIVE;
				GCC_WARN_UNUSED_FUNCTION = YES;
				GCC_WARN_UNUSED_VARIABLE = YES;
				IPHONEOS_DEPLOYMENT_TARGET = 15.5;
				MTL_ENABLE_DEBUG_INFO = NO;
				MTL_FAST_MATH = YES;
				SDKROOT = iphoneos;
				SWIFT_COMPILATION_MODE = wholemodule;
				SWIFT_OPTIMIZATION_LEVEL = "-O";
				VALIDATE_PRODUCT = YES;
			};
			name = Release;
		};
		19BB5FC528F09A0800FD9B1D /* Debug */ = {
			isa = XCBuildConfiguration;
			buildSettings = {
				ASSETCATALOG_COMPILER_APPICON_NAME = AppIcon;
				ASSETCATALOG_COMPILER_GLOBAL_ACCENT_COLOR_NAME = AccentColor;
				CODE_SIGN_STYLE = Automatic;
				CURRENT_PROJECT_VERSION = 1;
				DEVELOPMENT_TEAM = 95J5ZJ5FVG;
				GENERATE_INFOPLIST_FILE = YES;
				INFOPLIST_FILE = ITunesClientApp/Info.plist;
				INFOPLIST_KEY_UIApplicationSupportsIndirectInputEvents = YES;
				INFOPLIST_KEY_UILaunchStoryboardName = LaunchScreen;
				INFOPLIST_KEY_UIMainStoryboardFile = Main;
				INFOPLIST_KEY_UISupportedInterfaceOrientations_iPad = "UIInterfaceOrientationPortrait UIInterfaceOrientationPortraitUpsideDown UIInterfaceOrientationLandscapeLeft UIInterfaceOrientationLandscapeRight";
				INFOPLIST_KEY_UISupportedInterfaceOrientations_iPhone = "UIInterfaceOrientationPortrait UIInterfaceOrientationLandscapeLeft UIInterfaceOrientationLandscapeRight";
				LD_RUNPATH_SEARCH_PATHS = (
					"$(inherited)",
					"@executable_path/Frameworks",
				);
				MARKETING_VERSION = 1.0;
				PRODUCT_BUNDLE_IDENTIFIER = com.alierengedikoglu.ITunesClientApp;
				PRODUCT_NAME = "$(TARGET_NAME)";
				SWIFT_EMIT_LOC_STRINGS = YES;
				SWIFT_VERSION = 5.0;
				TARGETED_DEVICE_FAMILY = "1,2";
			};
			name = Debug;
		};
		19BB5FC628F09A0800FD9B1D /* Release */ = {
			isa = XCBuildConfiguration;
			buildSettings = {
				ASSETCATALOG_COMPILER_APPICON_NAME = AppIcon;
				ASSETCATALOG_COMPILER_GLOBAL_ACCENT_COLOR_NAME = AccentColor;
				CODE_SIGN_STYLE = Automatic;
				CURRENT_PROJECT_VERSION = 1;
				DEVELOPMENT_TEAM = 95J5ZJ5FVG;
				GENERATE_INFOPLIST_FILE = YES;
				INFOPLIST_FILE = ITunesClientApp/Info.plist;
				INFOPLIST_KEY_UIApplicationSupportsIndirectInputEvents = YES;
				INFOPLIST_KEY_UILaunchStoryboardName = LaunchScreen;
				INFOPLIST_KEY_UIMainStoryboardFile = Main;
				INFOPLIST_KEY_UISupportedInterfaceOrientations_iPad = "UIInterfaceOrientationPortrait UIInterfaceOrientationPortraitUpsideDown UIInterfaceOrientationLandscapeLeft UIInterfaceOrientationLandscapeRight";
				INFOPLIST_KEY_UISupportedInterfaceOrientations_iPhone = "UIInterfaceOrientationPortrait UIInterfaceOrientationLandscapeLeft UIInterfaceOrientationLandscapeRight";
				LD_RUNPATH_SEARCH_PATHS = (
					"$(inherited)",
					"@executable_path/Frameworks",
				);
				MARKETING_VERSION = 1.0;
				PRODUCT_BUNDLE_IDENTIFIER = com.alierengedikoglu.ITunesClientApp;
				PRODUCT_NAME = "$(TARGET_NAME)";
				SWIFT_EMIT_LOC_STRINGS = YES;
				SWIFT_VERSION = 5.0;
				TARGETED_DEVICE_FAMILY = "1,2";
			};
			name = Release;
		};
		19BB5FC828F09A0800FD9B1D /* Debug */ = {
			isa = XCBuildConfiguration;
			buildSettings = {
				ALWAYS_EMBED_SWIFT_STANDARD_LIBRARIES = YES;
				BUNDLE_LOADER = "$(TEST_HOST)";
				CODE_SIGN_STYLE = Automatic;
				CURRENT_PROJECT_VERSION = 1;
				DEVELOPMENT_TEAM = 95J5ZJ5FVG;
				GENERATE_INFOPLIST_FILE = YES;
				IPHONEOS_DEPLOYMENT_TARGET = 15.5;
				MARKETING_VERSION = 1.0;
				PRODUCT_BUNDLE_IDENTIFIER = com.alierengedikoglu.ITunesClientAppTests;
				PRODUCT_NAME = "$(TARGET_NAME)";
				SWIFT_EMIT_LOC_STRINGS = NO;
				SWIFT_VERSION = 5.0;
				TARGETED_DEVICE_FAMILY = "1,2";
				TEST_HOST = "$(BUILT_PRODUCTS_DIR)/ITunesClientApp.app/ITunesClientApp";
			};
			name = Debug;
		};
		19BB5FC928F09A0800FD9B1D /* Release */ = {
			isa = XCBuildConfiguration;
			buildSettings = {
				ALWAYS_EMBED_SWIFT_STANDARD_LIBRARIES = YES;
				BUNDLE_LOADER = "$(TEST_HOST)";
				CODE_SIGN_STYLE = Automatic;
				CURRENT_PROJECT_VERSION = 1;
				DEVELOPMENT_TEAM = 95J5ZJ5FVG;
				GENERATE_INFOPLIST_FILE = YES;
				IPHONEOS_DEPLOYMENT_TARGET = 15.5;
				MARKETING_VERSION = 1.0;
				PRODUCT_BUNDLE_IDENTIFIER = com.alierengedikoglu.ITunesClientAppTests;
				PRODUCT_NAME = "$(TARGET_NAME)";
				SWIFT_EMIT_LOC_STRINGS = NO;
				SWIFT_VERSION = 5.0;
				TARGETED_DEVICE_FAMILY = "1,2";
				TEST_HOST = "$(BUILT_PRODUCTS_DIR)/ITunesClientApp.app/ITunesClientApp";
			};
			name = Release;
		};
		19BB5FCB28F09A0800FD9B1D /* Debug */ = {
			isa = XCBuildConfiguration;
			buildSettings = {
				ALWAYS_EMBED_SWIFT_STANDARD_LIBRARIES = YES;
				CODE_SIGN_STYLE = Automatic;
				CURRENT_PROJECT_VERSION = 1;
				DEVELOPMENT_TEAM = 95J5ZJ5FVG;
				GENERATE_INFOPLIST_FILE = YES;
				MARKETING_VERSION = 1.0;
				PRODUCT_BUNDLE_IDENTIFIER = com.alierengedikoglu.ITunesClientAppUITests;
				PRODUCT_NAME = "$(TARGET_NAME)";
				SWIFT_EMIT_LOC_STRINGS = NO;
				SWIFT_VERSION = 5.0;
				TARGETED_DEVICE_FAMILY = "1,2";
				TEST_TARGET_NAME = ITunesClientApp;
			};
			name = Debug;
		};
		19BB5FCC28F09A0800FD9B1D /* Release */ = {
			isa = XCBuildConfiguration;
			buildSettings = {
				ALWAYS_EMBED_SWIFT_STANDARD_LIBRARIES = YES;
				CODE_SIGN_STYLE = Automatic;
				CURRENT_PROJECT_VERSION = 1;
				DEVELOPMENT_TEAM = 95J5ZJ5FVG;
				GENERATE_INFOPLIST_FILE = YES;
				MARKETING_VERSION = 1.0;
				PRODUCT_BUNDLE_IDENTIFIER = com.alierengedikoglu.ITunesClientAppUITests;
				PRODUCT_NAME = "$(TARGET_NAME)";
				SWIFT_EMIT_LOC_STRINGS = NO;
				SWIFT_VERSION = 5.0;
				TARGETED_DEVICE_FAMILY = "1,2";
				TEST_TARGET_NAME = ITunesClientApp;
			};
			name = Release;
		};
/* End XCBuildConfiguration section */

/* Begin XCConfigurationList section */
		19BB5F9528F09A0700FD9B1D /* Build configuration list for PBXProject "ITunesClientApp" */ = {
			isa = XCConfigurationList;
			buildConfigurations = (
				19BB5FC228F09A0800FD9B1D /* Debug */,
				19BB5FC328F09A0800FD9B1D /* Release */,
			);
			defaultConfigurationIsVisible = 0;
			defaultConfigurationName = Release;
		};
		19BB5FC428F09A0800FD9B1D /* Build configuration list for PBXNativeTarget "ITunesClientApp" */ = {
			isa = XCConfigurationList;
			buildConfigurations = (
				19BB5FC528F09A0800FD9B1D /* Debug */,
				19BB5FC628F09A0800FD9B1D /* Release */,
			);
			defaultConfigurationIsVisible = 0;
			defaultConfigurationName = Release;
		};
		19BB5FC728F09A0800FD9B1D /* Build configuration list for PBXNativeTarget "ITunesClientAppTests" */ = {
			isa = XCConfigurationList;
			buildConfigurations = (
				19BB5FC828F09A0800FD9B1D /* Debug */,
				19BB5FC928F09A0800FD9B1D /* Release */,
			);
			defaultConfigurationIsVisible = 0;
			defaultConfigurationName = Release;
		};
		19BB5FCA28F09A0800FD9B1D /* Build configuration list for PBXNativeTarget "ITunesClientAppUITests" */ = {
			isa = XCConfigurationList;
			buildConfigurations = (
				19BB5FCB28F09A0800FD9B1D /* Debug */,
				19BB5FCC28F09A0800FD9B1D /* Release */,
			);
			defaultConfigurationIsVisible = 0;
			defaultConfigurationName = Release;
		};
/* End XCConfigurationList section */
	};
	rootObject = 19BB5F9228F09A0700FD9B1D /* Project object */;
}
